
Microsoft Visual Studio Solution File, Format Version 12.00
# Visual Studio Version 16
VisualStudioVersion = 16.0.31005.135
MinimumVisualStudioVersion = 10.0.40219.1
Project("{FAE04EC0-301F-11D3-BF4B-00C04F79EFBC}") = "BlazorWebAssembly", "BlazorWebAssembly.csproj", "{BF76DFF4-02B2-48CE-90D7-D486BA9DC16E}"
EndProject
Global
	GlobalSection(SolutionConfigurationPlatforms) = preSolution
		Debug|Any CPU = Debug|Any CPU
		Release|Any CPU = Release|Any CPU
	EndGlobalSection
	GlobalSection(ProjectConfigurationPlatforms) = postSolution
		{BF76DFF4-02B2-48CE-90D7-D486BA9DC16E}.Debug|Any CPU.ActiveCfg = Debug|Any CPU
		{BF76DFF4-02B2-48CE-90D7-D486BA9DC16E}.Debug|Any CPU.Build.0 = Debug|Any CPU
		{BF76DFF4-02B2-48CE-90D7-D486BA9DC16E}.Release|Any CPU.ActiveCfg = Release|Any CPU
		{BF76DFF4-02B2-48CE-90D7-D486BA9DC16E}.Release|Any CPU.Build.0 = Release|Any CPU
	EndGlobalSection
	GlobalSection(SolutionProperties) = preSolution
		HideSolutionNode = FALSE
	EndGlobalSection
	GlobalSection(ExtensibilityGlobals) = postSolution
		SolutionGuid = {F0600A5F-9110-4583-B50D-576D82EF4835}
	EndGlobalSection
EndGlobal
