
Microsoft Visual Studio Solution File, Format Version 12.00
# Visual Studio Version 16
VisualStudioVersion = 16.0.31005.135
MinimumVisualStudioVersion = 10.0.40219.1
Project("{FAE04EC0-301F-11D3-BF4B-00C04F79EFBC}") = "BlazorServer.Server", "Server\BlazorServer.Server.csproj", "{E8034B88-3DBB-4890-921B-698DB1F4D447}"
EndProject
Project("{FAE04EC0-301F-11D3-BF4B-00C04F79EFBC}") = "BlazorServer.Client", "Client\BlazorServer.Client.csproj", "{F016AD97-BD9F-41C5-B194-433E63379D4C}"
EndProject
Project("{FAE04EC0-301F-11D3-BF4B-00C04F79EFBC}") = "BlazorServer.Shared", "Shared\BlazorServer.Shared.csproj", "{396C0AAE-F2F0-4D3F-BF27-07C3A714420E}"
EndProject
Global
	GlobalSection(SolutionConfigurationPlatforms) = preSolution
		Debug|Any CPU = Debug|Any CPU
		Release|Any CPU = Release|Any CPU
	EndGlobalSection
	GlobalSection(ProjectConfigurationPlatforms) = postSolution
		{E8034B88-3DBB-4890-921B-698DB1F4D447}.Debug|Any CPU.ActiveCfg = Debug|Any CPU
		{E8034B88-3DBB-4890-921B-698DB1F4D447}.Debug|Any CPU.Build.0 = Debug|Any CPU
		{E8034B88-3DBB-4890-921B-698DB1F4D447}.Release|Any CPU.ActiveCfg = Release|Any CPU
		{E8034B88-3DBB-4890-921B-698DB1F4D447}.Release|Any CPU.Build.0 = Release|Any CPU
		{F016AD97-BD9F-41C5-B194-433E63379D4C}.Debug|Any CPU.ActiveCfg = Debug|Any CPU
		{F016AD97-BD9F-41C5-B194-433E63379D4C}.Debug|Any CPU.Build.0 = Debug|Any CPU
		{F016AD97-BD9F-41C5-B194-433E63379D4C}.Release|Any CPU.ActiveCfg = Release|Any CPU
		{F016AD97-BD9F-41C5-B194-433E63379D4C}.Release|Any CPU.Build.0 = Release|Any CPU
		{396C0AAE-F2F0-4D3F-BF27-07C3A714420E}.Debug|Any CPU.ActiveCfg = Debug|Any CPU
		{396C0AAE-F2F0-4D3F-BF27-07C3A714420E}.Debug|Any CPU.Build.0 = Debug|Any CPU
		{396C0AAE-F2F0-4D3F-BF27-07C3A714420E}.Release|Any CPU.ActiveCfg = Release|Any CPU
		{396C0AAE-F2F0-4D3F-BF27-07C3A714420E}.Release|Any CPU.Build.0 = Release|Any CPU
	EndGlobalSection
	GlobalSection(SolutionProperties) = preSolution
		HideSolutionNode = FALSE
	EndGlobalSection
	GlobalSection(ExtensibilityGlobals) = postSolution
		SolutionGuid = {09836240-6900-4DC8-B1B5-C76DEC9A8E9B}
	EndGlobalSection
EndGlobal
